dependencies:
- name: crds
  repository: ""
  version: 0.0.0
- name: kube-state-metrics
  repository: https://prometheus-community.github.io/helm-charts
  version: 6.1.0
- name: prometheus-node-exporter
  repository: https://prometheus-community.github.io/helm-charts
  version: 4.47.1
- name: grafana
  repository: https://grafana.github.io/helm-charts
  version: 9.2.10
- name: prometheus-windows-exporter
  repository: https://prometheus-community.github.io/helm-charts
  version: 0.11.2
digest: sha256:4cda21aa901104fecb9901ea702f7702a1d9541d1fdceadfce14f5efb2746e88
generated: "2025-07-21T16:21:13.922408+09:00"
